
Microsoft Visual Studio Solution File, Format Version 12.00
# Visual Studio Version 17
VisualStudioVersion = 17.14.37411.7 d17.14
MinimumVisualStudioVersion = 10.0.40219.1
Project("{FAE04EC0-301F-11D3-BF4B-00C04F79EFBC}") = "CapaDatos", "CapaDatos\CapaDatos.csproj", "{3F994EE4-5EED-4A3A-BF5D-1EE16C002070}"
EndProject
Project("{FAE04EC0-301F-11D3-BF4B-00C04F79EFBC}") = "CapaNegocio", "CapaNegocio\CapaNegocio.csproj", "{AE2CC57A-CAF7-4122-92FF-5E8B304EE604}"
EndProject
Project("{FAE04EC0-301F-11D3-BF4B-00C04F79EFBC}") = "Api", "Api\Api.csproj", "{D65223F7-177A-48BF-8453-5679132D0169}"
EndProject
Global
	GlobalSection(SolutionConfigurationPlatforms) = preSolution
		Debug|Any CPU = Debug|Any CPU
		Release|Any CPU = Release|Any CPU
	EndGlobalSection
	GlobalSection(ProjectConfigurationPlatforms) = postSolution
		{3F994EE4-5EED-4A3A-BF5D-1EE16C002070}.Debug|Any CPU.ActiveCfg = Debug|Any CPU
		{3F994EE4-5EED-4A3A-BF5D-1EE16C002070}.Debug|Any CPU.Build.0 = Debug|Any CPU
		{3F994EE4-5EED-4A3A-BF5D-1EE16C002070}.Release|Any CPU.ActiveCfg = Release|Any CPU
		{3F994EE4-5EED-4A3A-BF5D-1EE16C002070}.Release|Any CPU.Build.0 = Release|Any CPU
		{AE2CC57A-CAF7-4122-92FF-5E8B304EE604}.Debug|Any CPU.ActiveCfg = Debug|Any CPU
		{AE2CC57A-CAF7-4122-92FF-5E8B304EE604}.Debug|Any CPU.Build.0 = Debug|Any CPU
		{AE2CC57A-CAF7-4122-92FF-5E8B304EE604}.Release|Any CPU.ActiveCfg = Release|Any CPU
		{AE2CC57A-CAF7-4122-92FF-5E8B304EE604}.Release|Any CPU.Build.0 = Release|Any CPU
		{D65223F7-177A-48BF-8453-5679132D0169}.Debug|Any CPU.ActiveCfg = Debug|Any CPU
		{D65223F7-177A-48BF-8453-5679132D0169}.Debug|Any CPU.Build.0 = Debug|Any CPU
		{D65223F7-177A-48BF-8453-5679132D0169}.Release|Any CPU.ActiveCfg = Release|Any CPU
		{D65223F7-177A-48BF-8453-5679132D0169}.Release|Any CPU.Build.0 = Release|Any CPU
	EndGlobalSection
	GlobalSection(SolutionProperties) = preSolution
		HideSolutionNode = FALSE
	EndGlobalSection
	GlobalSection(ExtensibilityGlobals) = postSolution
		SolutionGuid = {DFA2AA6A-FF51-4097-A1ED-F44A6D9F9151}
	EndGlobalSection
EndGlobal
